
Microsoft Visual Studio Solution File, Format Version 12.00
# Visual Studio 2012
Project("{FAE04EC0-301F-11D3-BF4B-00C04F79EFBC}") = "789456", "789456\789456.csproj", "{A6B38C15-EFDE-499D-8C7B-0D53A1AC010E}"
EndProject
Global
	GlobalSection(SolutionConfigurationPlatforms) = preSolution
		Debug|Any CPU = Debug|Any CPU
		Release|Any CPU = Release|Any CPU
	EndGlobalSection
	GlobalSection(ProjectConfigurationPlatforms) = postSolution
		{A6B38C15-EFDE-499D-8C7B-0D53A1AC010E}.Debug|Any CPU.ActiveCfg = Debug|Any CPU
		{A6B38C15-EFDE-499D-8C7B-0D53A1AC010E}.Debug|Any CPU.Build.0 = Debug|Any CPU
		{A6B38C15-EFDE-499D-8C7B-0D53A1AC010E}.Release|Any CPU.ActiveCfg = Release|Any CPU
		{A6B38C15-EFDE-499D-8C7B-0D53A1AC010E}.Release|Any CPU.Build.0 = Release|Any CPU
	EndGlobalSection
	GlobalSection(SolutionProperties) = preSolution
		HideSolutionNode = FALSE
	EndGlobalSection
EndGlobal
